
Microsoft Visual Studio Solution File, Format Version 12.00
# Visual Studio Version 16
VisualStudioVersion = 25.0.1706.7
MinimumVisualStudioVersion = 10.0.40219.1
Project("{FAE04EC0-301F-11D3-BF4B-00C04F79EFBC}") = "EmplyeeManagment", "EmplyeeManagment\EmplyeeManagment.csproj", "{F5A0C74B-333B-488F-864E-53E36F944AD0}"
EndProject
Global
	GlobalSection(SolutionConfigurationPlatforms) = preSolution
		Debug|Any CPU = Debug|Any CPU
		Release|Any CPU = Release|Any CPU
	EndGlobalSection
	GlobalSection(ProjectConfigurationPlatforms) = postSolution
		{F5A0C74B-333B-488F-864E-53E36F944AD0}.Debug|Any CPU.ActiveCfg = Debug|Any CPU
		{F5A0C74B-333B-488F-864E-53E36F944AD0}.Debug|Any CPU.Build.0 = Debug|Any CPU
		{F5A0C74B-333B-488F-864E-53E36F944AD0}.Release|Any CPU.ActiveCfg = Release|Any CPU
		{F5A0C74B-333B-488F-864E-53E36F944AD0}.Release|Any CPU.Build.0 = Release|Any CPU
	EndGlobalSection
	GlobalSection(SolutionProperties) = preSolution
		HideSolutionNode = FALSE
	EndGlobalSection
	GlobalSection(ExtensibilityGlobals) = postSolution
		SolutionGuid = {A43D6701-0860-4023-8996-16FFB78C9B22}
	EndGlobalSection
EndGlobal
